
Microsoft Visual Studio Solution File, Format Version 12.00
# Visual Studio Version 17
VisualStudioVersion = 17.8.34330.188
MinimumVisualStudioVersion = 10.0.40219.1
Project("{FAE04EC0-301F-11D3-BF4B-00C04F79EFBC}") = "WPFProject", "WPFProject\WPFProject.csproj", "{D910481D-3084-4846-BB9D-E06BC98A6BE2}"
EndProject
Global
	GlobalSection(SolutionConfigurationPlatforms) = preSolution
		Debug|Any CPU = Debug|Any CPU
		Release|Any CPU = Release|Any CPU
	EndGlobalSection
	GlobalSection(ProjectConfigurationPlatforms) = postSolution
		{D910481D-3084-4846-BB9D-E06BC98A6BE2}.Debug|Any CPU.ActiveCfg = Debug|Any CPU
		{D910481D-3084-4846-BB9D-E06BC98A6BE2}.Debug|Any CPU.Build.0 = Debug|Any CPU
		{D910481D-3084-4846-BB9D-E06BC98A6BE2}.Release|Any CPU.ActiveCfg = Release|Any CPU
		{D910481D-3084-4846-BB9D-E06BC98A6BE2}.Release|Any CPU.Build.0 = Release|Any CPU
	EndGlobalSection
	GlobalSection(SolutionProperties) = preSolution
		HideSolutionNode = FALSE
	EndGlobalSection
	GlobalSection(ExtensibilityGlobals) = postSolution
		SolutionGuid = {6F3EE534-8211-42D4-8DFC-854888525CB6}
	EndGlobalSection
EndGlobal
